
Microsoft Visual Studio Solution File, Format Version 12.00
# Visual Studio Version 17
VisualStudioVersion = 17.14.36121.58 d17.14
MinimumVisualStudioVersion = 10.0.40219.1
Project("{FAE04EC0-301F-11D3-BF4B-00C04F79EFBC}") = "CSharpFNF", "CSharpFNF.csproj", "{93AE291F-7297-5A1E-71DA-FACF0FD648D5}"
EndProject
Global
	GlobalSection(SolutionConfigurationPlatforms) = preSolution
		Debug|Any CPU = Debug|Any CPU
		Release|Any CPU = Release|Any CPU
	EndGlobalSection
	GlobalSection(ProjectConfigurationPlatforms) = postSolution
		{93AE291F-7297-5A1E-71DA-FACF0FD648D5}.Debug|Any CPU.ActiveCfg = Debug|Any CPU
		{93AE291F-7297-5A1E-71DA-FACF0FD648D5}.Debug|Any CPU.Build.0 = Debug|Any CPU
		{93AE291F-7297-5A1E-71DA-FACF0FD648D5}.Release|Any CPU.ActiveCfg = Release|Any CPU
		{93AE291F-7297-5A1E-71DA-FACF0FD648D5}.Release|Any CPU.Build.0 = Release|Any CPU
	EndGlobalSection
	GlobalSection(SolutionProperties) = preSolution
		HideSolutionNode = FALSE
	EndGlobalSection
	GlobalSection(ExtensibilityGlobals) = postSolution
		SolutionGuid = {FFD6EB6A-1B86-40A3-83D8-6BDF4587EE76}
	EndGlobalSection
EndGlobal
